{
  "version": 4,
  "terraform_version": "1.3.6",
  "serial": 70,
  "lineage": "bde8ffc0-9bd1-d523-b483-d0dee8d09c0a",
  "outputs": {
    "endpoint": {
      "value": "https://cs015v4lf7.execute-api.us-east-1.amazonaws.com/",
      "type": "string"
    },
    "function_name": {
      "value": "diamond_price_prediction-function",
      "type": "string"
    },
    "image_tag": {
      "value": "589309500019.dkr.ecr.us-east-1.amazonaws.com/diamond_price_prediction:7c2kkjdza66mjahg",
      "type": "string"
    }
  },
  "resources": [
    {
      "mode": "data",
      "type": "aws_ecr_image",
      "name": "service_image",
      "provider": "provider[\"registry.terraform.io/hashicorp/aws\"]",
      "instances": [
        {
          "schema_version": 0,
          "attributes": {
            "id": "sha256:1c2038128c14e9d0e2f3abb5fdb5f2d3a37eaccb5877341fe267808de96f1aed",
            "image_digest": "sha256:1c2038128c14e9d0e2f3abb5fdb5f2d3a37eaccb5877341fe267808de96f1aed",
            "image_pushed_at": 1670731358,
            "image_size_in_bytes": 464625517,
            "image_tag": "7c2kkjdza66mjahg",
            "image_tags": [
              "7c2kkjdza66mjahg"
            ],
            "registry_id": "589309500019",
            "repository_name": "diamond_price_prediction"
          },
          "sensitive_attributes": []
        }
      ]
    },
    {
      "mode": "data",
      "type": "aws_ecr_repository",
      "name": "service",
      "provider": "provider[\"registry.terraform.io/hashicorp/aws\"]",
      "instances": [
        {
          "schema_version": 0,
          "attributes": {
            "arn": "arn:aws:ecr:us-east-1:589309500019:repository/diamond_price_prediction",
            "encryption_configuration": [
              {
                "encryption_type": "AES256",
                "kms_key": ""
              }
            ],
            "id": "diamond_price_prediction",
            "image_scanning_configuration": [
              {
                "scan_on_push": false
              }
            ],
            "image_tag_mutability": "MUTABLE",
            "name": "diamond_price_prediction",
            "registry_id": "589309500019",
            "repository_url": "589309500019.dkr.ecr.us-east-1.amazonaws.com/diamond_price_prediction",
            "tags": {}
          },
          "sensitive_attributes": []
        }
      ]
    },
    {
      "mode": "managed",
      "type": "aws_apigatewayv2_api",
      "name": "lambda",
      "provider": "provider[\"registry.terraform.io/hashicorp/aws\"]",
      "instances": [
        {
          "schema_version": 0,
          "attributes": {
            "api_endpoint": "https://cs015v4lf7.execute-api.us-east-1.amazonaws.com",
            "api_key_selection_expression": "$request.header.x-api-key",
            "arn": "arn:aws:apigateway:us-east-1::/apis/cs015v4lf7",
            "body": null,
            "cors_configuration": [],
            "credentials_arn": null,
            "description": "",
            "disable_execute_api_endpoint": false,
            "execution_arn": "arn:aws:execute-api:us-east-1:589309500019:cs015v4lf7",
            "fail_on_warnings": null,
            "id": "cs015v4lf7",
            "name": "diamond_price_prediction-gw",
            "protocol_type": "HTTP",
            "route_key": null,
            "route_selection_expression": "$request.method $request.path",
            "tags": null,
            "tags_all": {},
            "target": null,
            "version": ""
          },
          "sensitive_attributes": [],
          "private": "bnVsbA=="
        }
      ]
    },
    {
      "mode": "managed",
      "type": "aws_apigatewayv2_integration",
      "name": "lambda",
      "provider": "provider[\"registry.terraform.io/hashicorp/aws\"]",
      "instances": [
        {
          "schema_version": 0,
          "attributes": {
            "api_id": "cs015v4lf7",
            "connection_id": "",
            "connection_type": "INTERNET",
            "content_handling_strategy": "",
            "credentials_arn": "",
            "description": "",
            "id": "b3x7qyd",
            "integration_method": "POST",
            "integration_response_selection_expression": "",
            "integration_subtype": "",
            "integration_type": "AWS_PROXY",
            "integration_uri": "arn:aws:apigateway:us-east-1:lambda:path/2015-03-31/functions/arn:aws:lambda:us-east-1:589309500019:function:diamond_price_prediction-function/invocations",
            "passthrough_behavior": "",
            "payload_format_version": "1.0",
            "request_parameters": null,
            "request_templates": null,
            "response_parameters": [],
            "template_selection_expression": "",
            "timeout_milliseconds": 30000,
            "tls_config": []
          },
          "sensitive_attributes": [],
          "private": "bnVsbA==",
          "dependencies": [
            "aws_apigatewayv2_api.lambda",
            "aws_iam_role.lambda_exec",
            "aws_lambda_function.fn",
            "data.aws_ecr_image.service_image",
            "data.aws_ecr_repository.service"
          ]
        }
      ]
    },
    {
      "mode": "managed",
      "type": "aws_apigatewayv2_route",
      "name": "root",
      "provider": "provider[\"registry.terraform.io/hashicorp/aws\"]",
      "instances": [
        {
          "schema_version": 0,
          "attributes": {
            "api_id": "cs015v4lf7",
            "api_key_required": false,
            "authorization_scopes": null,
            "authorization_type": "NONE",
            "authorizer_id": "",
            "id": "hklbegm",
            "model_selection_expression": "",
            "operation_name": "",
            "request_models": null,
            "request_parameter": [],
            "route_key": "ANY /",
            "route_response_selection_expression": "",
            "target": "integrations/b3x7qyd"
          },
          "sensitive_attributes": [],
          "private": "bnVsbA==",
          "dependencies": [
            "aws_apigatewayv2_api.lambda",
            "aws_apigatewayv2_integration.lambda",
            "aws_iam_role.lambda_exec",
            "aws_lambda_function.fn",
            "data.aws_ecr_image.service_image",
            "data.aws_ecr_repository.service"
          ]
        }
      ]
    },
    {
      "mode": "managed",
      "type": "aws_apigatewayv2_route",
      "name": "services",
      "provider": "provider[\"registry.terraform.io/hashicorp/aws\"]",
      "instances": [
        {
          "schema_version": 0,
          "attributes": {
            "api_id": "cs015v4lf7",
            "api_key_required": false,
            "authorization_scopes": null,
            "authorization_type": "NONE",
            "authorizer_id": "",
            "id": "662z3x4",
            "model_selection_expression": "",
            "operation_name": "",
            "request_models": null,
            "request_parameter": [],
            "route_key": "ANY /{proxy+}",
            "route_response_selection_expression": "",
            "target": "integrations/b3x7qyd"
          },
          "sensitive_attributes": [],
          "private": "bnVsbA==",
          "dependencies": [
            "aws_apigatewayv2_api.lambda",
            "aws_apigatewayv2_integration.lambda",
            "aws_iam_role.lambda_exec",
            "aws_lambda_function.fn",
            "data.aws_ecr_image.service_image",
            "data.aws_ecr_repository.service"
          ]
        }
      ]
    },
    {
      "mode": "managed",
      "type": "aws_apigatewayv2_stage",
      "name": "lambda",
      "provider": "provider[\"registry.terraform.io/hashicorp/aws\"]",
      "instances": [
        {
          "schema_version": 0,
          "attributes": {
            "access_log_settings": [
              {
                "destination_arn": "arn:aws:logs:us-east-1:589309500019:log-group:/aws/api_gw/diamond_price_prediction-gw",
                "format": "{\"httpMethod\":\"$context.httpMethod\",\"integrationErrorMessage\":\"$context.integrationErrorMessage\",\"protocol\":\"$context.protocol\",\"requestId\":\"$context.requestId\",\"requestTime\":\"$context.requestTime\",\"resourcePath\":\"$context.resourcePath\",\"responseLength\":\"$context.responseLength\",\"routeKey\":\"$context.routeKey\",\"sourceIp\":\"$context.identity.sourceIp\",\"status\":\"$context.status\"}"
              }
            ],
            "api_id": "cs015v4lf7",
            "arn": "arn:aws:apigateway:us-east-1::/apis/cs015v4lf7/stages/$default",
            "auto_deploy": true,
            "client_certificate_id": "",
            "default_route_settings": [
              {
                "data_trace_enabled": false,
                "detailed_metrics_enabled": false,
                "logging_level": "",
                "throttling_burst_limit": 0,
                "throttling_rate_limit": 0
              }
            ],
            "deployment_id": "",
            "description": "",
            "execution_arn": "arn:aws:execute-api:us-east-1:589309500019:cs015v4lf7/$default",
            "id": "$default",
            "invoke_url": "https://cs015v4lf7.execute-api.us-east-1.amazonaws.com/",
            "name": "$default",
            "route_settings": [],
            "stage_variables": null,
            "tags": null,
            "tags_all": {}
          },
          "sensitive_attributes": [],
          "private": "bnVsbA==",
          "dependencies": [
            "aws_apigatewayv2_api.lambda",
            "aws_cloudwatch_log_group.api_gw"
          ]
        }
      ]
    },
    {
      "mode": "managed",
      "type": "aws_cloudwatch_log_group",
      "name": "api_gw",
      "provider": "provider[\"registry.terraform.io/hashicorp/aws\"]",
      "instances": [
        {
          "schema_version": 0,
          "attributes": {
            "arn": "arn:aws:logs:us-east-1:589309500019:log-group:/aws/api_gw/diamond_price_prediction-gw",
            "id": "/aws/api_gw/diamond_price_prediction-gw",
            "kms_key_id": "",
            "name": "/aws/api_gw/diamond_price_prediction-gw",
            "name_prefix": null,
            "retention_in_days": 30,
            "tags": null,
            "tags_all": {}
          },
          "sensitive_attributes": [],
          "private": "bnVsbA==",
          "dependencies": [
            "aws_apigatewayv2_api.lambda"
          ]
        }
      ]
    },
    {
      "mode": "managed",
      "type": "aws_cloudwatch_log_group",
      "name": "lg",
      "provider": "provider[\"registry.terraform.io/hashicorp/aws\"]",
      "instances": [
        {
          "schema_version": 0,
          "attributes": {
            "arn": "arn:aws:logs:us-east-1:589309500019:log-group:/aws/lambda/diamond_price_prediction-function",
            "id": "/aws/lambda/diamond_price_prediction-function",
            "kms_key_id": "",
            "name": "/aws/lambda/diamond_price_prediction-function",
            "name_prefix": null,
            "retention_in_days": 30,
            "tags": null,
            "tags_all": {}
          },
          "sensitive_attributes": [],
          "private": "bnVsbA==",
          "dependencies": [
            "aws_iam_role.lambda_exec",
            "aws_lambda_function.fn",
            "data.aws_ecr_image.service_image",
            "data.aws_ecr_repository.service"
          ]
        }
      ]
    },
    {
      "mode": "managed",
      "type": "aws_iam_role",
      "name": "lambda_exec",
      "provider": "provider[\"registry.terraform.io/hashicorp/aws\"]",
      "instances": [
        {
          "schema_version": 0,
          "attributes": {
            "arn": "arn:aws:iam::589309500019:role/diamond_price_prediction-iam",
            "assume_role_policy": "{\"Version\":\"2012-10-17\",\"Statement\":[{\"Sid\":\"\",\"Effect\":\"Allow\",\"Principal\":{\"Service\":\"lambda.amazonaws.com\"},\"Action\":\"sts:AssumeRole\"}]}",
            "create_date": "2022-12-11T04:04:02Z",
            "description": "",
            "force_detach_policies": false,
            "id": "diamond_price_prediction-iam",
            "inline_policy": [
              {
                "name": "",
                "policy": ""
              }
            ],
            "managed_policy_arns": [],
            "max_session_duration": 3600,
            "name": "diamond_price_prediction-iam",
            "name_prefix": "",
            "path": "/",
            "permissions_boundary": null,
            "tags": null,
            "tags_all": {},
            "unique_id": "AROAYSNMVLJZULVWCMNG4"
          },
          "sensitive_attributes": [],
          "private": "bnVsbA=="
        }
      ]
    },
    {
      "mode": "managed",
      "type": "aws_iam_role_policy_attachment",
      "name": "lambda_policy",
      "provider": "provider[\"registry.terraform.io/hashicorp/aws\"]",
      "instances": [
        {
          "schema_version": 0,
          "attributes": {
            "id": "diamond_price_prediction-iam-20221211040404532700000001",
            "policy_arn": "arn:aws:iam::aws:policy/service-role/AWSLambdaBasicExecutionRole",
            "role": "diamond_price_prediction-iam"
          },
          "sensitive_attributes": [],
          "private": "bnVsbA==",
          "dependencies": [
            "aws_iam_role.lambda_exec"
          ]
        }
      ]
    },
    {
      "mode": "managed",
      "type": "aws_lambda_function",
      "name": "fn",
      "provider": "provider[\"registry.terraform.io/hashicorp/aws\"]",
      "instances": [
        {
          "schema_version": 0,
          "attributes": {
            "architectures": [
              "x86_64"
            ],
            "arn": "arn:aws:lambda:us-east-1:589309500019:function:diamond_price_prediction-function",
            "code_signing_config_arn": "",
            "dead_letter_config": [],
            "description": "",
            "environment": [],
            "file_system_config": [],
            "filename": null,
            "function_name": "diamond_price_prediction-function",
            "handler": "",
            "id": "diamond_price_prediction-function",
            "image_config": [
              {
                "command": [
                  "app.mangum_app"
                ],
                "entry_point": [],
                "working_directory": ""
              }
            ],
            "image_uri": "589309500019.dkr.ecr.us-east-1.amazonaws.com/diamond_price_prediction@sha256:1c2038128c14e9d0e2f3abb5fdb5f2d3a37eaccb5877341fe267808de96f1aed",
            "invoke_arn": "arn:aws:apigateway:us-east-1:lambda:path/2015-03-31/functions/arn:aws:lambda:us-east-1:589309500019:function:diamond_price_prediction-function/invocations",
            "kms_key_arn": "",
            "last_modified": "2022-12-11T04:04:16.253+0000",
            "layers": null,
            "memory_size": 1000,
            "package_type": "Image",
            "publish": false,
            "qualified_arn": "arn:aws:lambda:us-east-1:589309500019:function:diamond_price_prediction-function:$LATEST",
            "reserved_concurrent_executions": -1,
            "role": "arn:aws:iam::589309500019:role/diamond_price_prediction-iam",
            "runtime": "",
            "s3_bucket": null,
            "s3_key": null,
            "s3_object_version": null,
            "signing_job_arn": "",
            "signing_profile_version_arn": "",
            "source_code_hash": "1c2038128c14e9d0e2f3abb5fdb5f2d3a37eaccb5877341fe267808de96f1aed",
            "source_code_size": 0,
            "tags": null,
            "tags_all": {},
            "timeout": 40,
            "timeouts": null,
            "tracing_config": [
              {
                "mode": "PassThrough"
              }
            ],
            "version": "$LATEST",
            "vpc_config": []
          },
          "sensitive_attributes": [],
          "private": "eyJlMmJmYjczMC1lY2FhLTExZTYtOGY4OC0zNDM2M2JjN2M0YzAiOnsiY3JlYXRlIjo2MDAwMDAwMDAwMDB9fQ==",
          "dependencies": [
            "aws_iam_role.lambda_exec",
            "data.aws_ecr_image.service_image",
            "data.aws_ecr_repository.service"
          ]
        }
      ]
    },
    {
      "mode": "managed",
      "type": "aws_lambda_permission",
      "name": "api_gw",
      "provider": "provider[\"registry.terraform.io/hashicorp/aws\"]",
      "instances": [
        {
          "schema_version": 0,
          "attributes": {
            "action": "lambda:InvokeFunction",
            "event_source_token": null,
            "function_name": "diamond_price_prediction-function",
            "id": "AllowExecutionFromAPIGateway",
            "principal": "apigateway.amazonaws.com",
            "qualifier": "",
            "source_account": null,
            "source_arn": "arn:aws:execute-api:us-east-1:589309500019:cs015v4lf7/*/*",
            "statement_id": "AllowExecutionFromAPIGateway",
            "statement_id_prefix": null
          },
          "sensitive_attributes": [],
          "private": "bnVsbA==",
          "dependencies": [
            "aws_apigatewayv2_api.lambda",
            "aws_iam_role.lambda_exec",
            "aws_lambda_function.fn",
            "data.aws_ecr_image.service_image",
            "data.aws_ecr_repository.service"
          ]
        }
      ]
    }
  ],
  "check_results": null
}
